
Microsoft Visual Studio Solution File, Format Version 12.00
# Visual Studio Version 16
VisualStudioVersion = 16.0.31112.23
MinimumVisualStudioVersion = 10.0.40219.1
Project("{9A19103F-16F7-4668-BE54-9A1E7A4F7556}") = "Capstone.Common.Medicare", "Capstone.Common.Medicare\Capstone.Common.Medicare.csproj", "{605A1F4C-BE97-4CCF-A934-2092318E049F}"
EndProject
Project("{9A19103F-16F7-4668-BE54-9A1E7A4F7556}") = "Capstone.UnitTests", "Capstone.UnitTests\Capstone.UnitTests.csproj", "{5D00C800-7E11-430F-8AA9-FC9807E04DB9}"
EndProject
Project("{9A19103F-16F7-4668-BE54-9A1E7A4F7556}") = "Capstone.Common.Scheduler", "Capstone.Common.Scheduler\Capstone.Common.Scheduler.csproj", "{8E411592-0AEF-4E87-8A57-928E7B7C37A3}"
EndProject
Global
	GlobalSection(SolutionConfigurationPlatforms) = preSolution
		Debug|Any CPU = Debug|Any CPU
		Release|Any CPU = Release|Any CPU
	EndGlobalSection
	GlobalSection(ProjectConfigurationPlatforms) = postSolution
		{605A1F4C-BE97-4CCF-A934-2092318E049F}.Debug|Any CPU.ActiveCfg = Debug|Any CPU
		{605A1F4C-BE97-4CCF-A934-2092318E049F}.Debug|Any CPU.Build.0 = Debug|Any CPU
		{605A1F4C-BE97-4CCF-A934-2092318E049F}.Release|Any CPU.ActiveCfg = Release|Any CPU
		{605A1F4C-BE97-4CCF-A934-2092318E049F}.Release|Any CPU.Build.0 = Release|Any CPU
		{5D00C800-7E11-430F-8AA9-FC9807E04DB9}.Debug|Any CPU.ActiveCfg = Debug|Any CPU
		{5D00C800-7E11-430F-8AA9-FC9807E04DB9}.Debug|Any CPU.Build.0 = Debug|Any CPU
		{5D00C800-7E11-430F-8AA9-FC9807E04DB9}.Release|Any CPU.ActiveCfg = Release|Any CPU
		{5D00C800-7E11-430F-8AA9-FC9807E04DB9}.Release|Any CPU.Build.0 = Release|Any CPU
		{8E411592-0AEF-4E87-8A57-928E7B7C37A3}.Debug|Any CPU.ActiveCfg = Debug|Any CPU
		{8E411592-0AEF-4E87-8A57-928E7B7C37A3}.Debug|Any CPU.Build.0 = Debug|Any CPU
		{8E411592-0AEF-4E87-8A57-928E7B7C37A3}.Release|Any CPU.ActiveCfg = Release|Any CPU
		{8E411592-0AEF-4E87-8A57-928E7B7C37A3}.Release|Any CPU.Build.0 = Release|Any CPU
	EndGlobalSection
	GlobalSection(SolutionProperties) = preSolution
		HideSolutionNode = FALSE
	EndGlobalSection
	GlobalSection(ExtensibilityGlobals) = postSolution
		SolutionGuid = {D1095F65-C35D-4412-AE13-FAB44500794A}
	EndGlobalSection
EndGlobal
